// !$*UTF8*$!
{
	archiveVersion = 1;
	classes = {
	};
	objectVersion = 50;
	objects = {

/* Begin PBXBuildFile section */
		3158C755240C2B7200FED90E /* AppDelegate.swift in Sources */ = {isa = PBXBuildFile; fileRef = 3158C754240C2B7200FED90E /* AppDelegate.swift */; };
		3158C757240C2B7200FED90E /* SceneDelegate.swift in Sources */ = {isa = PBXBuildFile; fileRef = 3158C756240C2B7200FED90E /* SceneDelegate.swift */; };
		3158C75E240C2B7500FED90E /* Assets.xcassets in Resources */ = {isa = PBXBuildFile; fileRef = 3158C75D240C2B7500FED90E /* Assets.xcassets */; };
		3158C761240C2B7500FED90E /* LaunchScreen.storyboard in Resources */ = {isa = PBXBuildFile; fileRef = 3158C75F240C2B7500FED90E /* LaunchScreen.storyboard */; };
		3158C76C240C2B7500FED90E /* GithubPopulationTests.swift in Sources */ = {isa = PBXBuildFile; fileRef = 3158C76B240C2B7500FED90E /* GithubPopulationTests.swift */; };
		3158C786240C2E6800FED90E /* Requester.swift in Sources */ = {isa = PBXBuildFile; fileRef = 3158C785240C2E6800FED90E /* Requester.swift */; };
		3158C788240C2EB000FED90E /* RequestRouter.swift in Sources */ = {isa = PBXBuildFile; fileRef = 3158C787240C2EB000FED90E /* RequestRouter.swift */; };
		3158C78D240C37B900FED90E /* Project.swift in Sources */ = {isa = PBXBuildFile; fileRef = 3158C78C240C37B900FED90E /* Project.swift */; };
		3158C793240C5D9F00FED90E /* MainCoordinator.swift in Sources */ = {isa = PBXBuildFile; fileRef = 3158C792240C5D9F00FED90E /* MainCoordinator.swift */; };
		3158C795240C5DBA00FED90E /* Coordinator.swift in Sources */ = {isa = PBXBuildFile; fileRef = 3158C794240C5DBA00FED90E /* Coordinator.swift */; };
		3158C798240C5E2900FED90E /* SearchProfileViewController.swift in Sources */ = {isa = PBXBuildFile; fileRef = 3158C796240C5E2900FED90E /* SearchProfileViewController.swift */; };
		3158C799240C5E2900FED90E /* SearchProfileViewController.xib in Resources */ = {isa = PBXBuildFile; fileRef = 3158C797240C5E2900FED90E /* SearchProfileViewController.xib */; };
		3158C79C240C5E6B00FED90E /* ProfileDetailsViewController.swift in Sources */ = {isa = PBXBuildFile; fileRef = 3158C79A240C5E6B00FED90E /* ProfileDetailsViewController.swift */; };
		3158C79D240C5E6B00FED90E /* ProfileDetailsViewController.xib in Resources */ = {isa = PBXBuildFile; fileRef = 3158C79B240C5E6B00FED90E /* ProfileDetailsViewController.xib */; };
		3158C7A0240C7CE500FED90E /* UIViewController.swift in Sources */ = {isa = PBXBuildFile; fileRef = 3158C79F240C7CE500FED90E /* UIViewController.swift */; };
		3158C7A3240C7F2000FED90E /* Colors.swift in Sources */ = {isa = PBXBuildFile; fileRef = 3158C7A2240C7F2000FED90E /* Colors.swift */; };
		3158C7A5240C7FE100FED90E /* SearchProfileViewModel.swift in Sources */ = {isa = PBXBuildFile; fileRef = 3158C7A4240C7FE100FED90E /* SearchProfileViewModel.swift */; };
		3158C7A7240C88AB00FED90E /* Spinner.swift in Sources */ = {isa = PBXBuildFile; fileRef = 3158C7A6240C88AB00FED90E /* Spinner.swift */; };
		3158C7A9240C8FEB00FED90E /* ProfileDetailsViewModel.swift in Sources */ = {isa = PBXBuildFile; fileRef = 3158C7A8240C8FEB00FED90E /* ProfileDetailsViewModel.swift */; };
		3158C7AB240CA96D00FED90E /* UIImageView.swift in Sources */ = {isa = PBXBuildFile; fileRef = 3158C7AA240CA96D00FED90E /* UIImageView.swift */; };
/* End PBXBuildFile section */

/* Begin PBXContainerItemProxy section */
		3158C768240C2B7500FED90E /* PBXContainerItemProxy */ = {
			isa = PBXContainerItemProxy;
			containerPortal = 3158C749240C2B7200FED90E /* Project object */;
			proxyType = 1;
			remoteGlobalIDString = 3158C750240C2B7200FED90E;
			remoteInfo = GithubProfile;
		};
/* End PBXContainerItemProxy section */

/* Begin PBXFileReference section */
		3158C751240C2B7200FED90E /* GithubProfile.app */ = {isa = PBXFileReference; explicitFileType = wrapper.application; includeInIndex = 0; path = GithubProfile.app; sourceTree = BUILT_PRODUCTS_DIR; };
		3158C754240C2B7200FED90E /* AppDelegate.swift */ = {isa = PBXFileReference; lastKnownFileType = sourcecode.swift; path = AppDelegate.swift; sourceTree = "<group>"; };
		3158C756240C2B7200FED90E /* SceneDelegate.swift */ = {isa = PBXFileReference; lastKnownFileType = sourcecode.swift; path = SceneDelegate.swift; sourceTree = "<group>"; };
		3158C75D240C2B7500FED90E /* Assets.xcassets */ = {isa = PBXFileReference; lastKnownFileType = folder.assetcatalog; path = Assets.xcassets; sourceTree = "<group>"; };
		3158C760240C2B7500FED90E /* Base */ = {isa = PBXFileReference; lastKnownFileType = file.storyboard; name = Base; path = Base.lproj/LaunchScreen.storyboard; sourceTree = "<group>"; };
		3158C762240C2B7500FED90E /* Info.plist */ = {isa = PBXFileReference; lastKnownFileType = text.plist.xml; path = Info.plist; sourceTree = "<group>"; };
		3158C767240C2B7500FED90E /* GithubProfileTests.xctest */ = {isa = PBXFileReference; explicitFileType = wrapper.cfbundle; includeInIndex = 0; path = GithubProfileTests.xctest; sourceTree = BUILT_PRODUCTS_DIR; };
		3158C76B240C2B7500FED90E /* GithubPopulationTests.swift */ = {isa = PBXFileReference; lastKnownFileType = sourcecode.swift; path = GithubPopulationTests.swift; sourceTree = "<group>"; };
		3158C76D240C2B7500FED90E /* Info.plist */ = {isa = PBXFileReference; lastKnownFileType = text.plist.xml; path = Info.plist; sourceTree = "<group>"; };
		3158C785240C2E6800FED90E /* Requester.swift */ = {isa = PBXFileReference; lastKnownFileType = sourcecode.swift; path = Requester.swift; sourceTree = "<group>"; };
		3158C787240C2EB000FED90E /* RequestRouter.swift */ = {isa = PBXFileReference; lastKnownFileType = sourcecode.swift; path = RequestRouter.swift; sourceTree = "<group>"; };
		3158C78C240C37B900FED90E /* Project.swift */ = {isa = PBXFileReference; lastKnownFileType = sourcecode.swift; path = Project.swift; sourceTree = "<group>"; };
		3158C792240C5D9F00FED90E /* MainCoordinator.swift */ = {isa = PBXFileReference; lastKnownFileType = sourcecode.swift; path = MainCoordinator.swift; sourceTree = "<group>"; };
		3158C794240C5DBA00FED90E /* Coordinator.swift */ = {isa = PBXFileReference; lastKnownFileType = sourcecode.swift; path = Coordinator.swift; sourceTree = "<group>"; };
		3158C796240C5E2900FED90E /* SearchProfileViewController.swift */ = {isa = PBXFileReference; lastKnownFileType = sourcecode.swift; path = SearchProfileViewController.swift; sourceTree = "<group>"; };
		3158C797240C5E2900FED90E /* SearchProfileViewController.xib */ = {isa = PBXFileReference; lastKnownFileType = file.xib; path = SearchProfileViewController.xib; sourceTree = "<group>"; };
		3158C79A240C5E6B00FED90E /* ProfileDetailsViewController.swift */ = {isa = PBXFileReference; lastKnownFileType = sourcecode.swift; path = ProfileDetailsViewController.swift; sourceTree = "<group>"; };
		3158C79B240C5E6B00FED90E /* ProfileDetailsViewController.xib */ = {isa = PBXFileReference; lastKnownFileType = file.xib; path = ProfileDetailsViewController.xib; sourceTree = "<group>"; };
		3158C79F240C7CE500FED90E /* UIViewController.swift */ = {isa = PBXFileReference; lastKnownFileType = sourcecode.swift; path = UIViewController.swift; sourceTree = "<group>"; };
		3158C7A2240C7F2000FED90E /* Colors.swift */ = {isa = PBXFileReference; lastKnownFileType = sourcecode.swift; path = Colors.swift; sourceTree = "<group>"; };
		3158C7A4240C7FE100FED90E /* SearchProfileViewModel.swift */ = {isa = PBXFileReference; lastKnownFileType = sourcecode.swift; path = SearchProfileViewModel.swift; sourceTree = "<group>"; };
		3158C7A6240C88AB00FED90E /* Spinner.swift */ = {isa = PBXFileReference; lastKnownFileType = sourcecode.swift; path = Spinner.swift; sourceTree = "<group>"; };
		3158C7A8240C8FEB00FED90E /* ProfileDetailsViewModel.swift */ = {isa = PBXFileReference; lastKnownFileType = sourcecode.swift; path = ProfileDetailsViewModel.swift; sourceTree = "<group>"; };
		3158C7AA240CA96D00FED90E /* UIImageView.swift */ = {isa = PBXFileReference; lastKnownFileType = sourcecode.swift; path = UIImageView.swift; sourceTree = "<group>"; };
/* End PBXFileReference section */

/* Begin PBXFrameworksBuildPhase section */
		3158C74E240C2B7200FED90E /* Frameworks */ = {
			isa = PBXFrameworksBuildPhase;
			buildActionMask = 2147483647;
			files = (
			);
			runOnlyForDeploymentPostprocessing = 0;
		};
		3158C764240C2B7500FED90E /* Frameworks */ = {
			isa = PBXFrameworksBuildPhase;
			buildActionMask = 2147483647;
			files = (
			);
			runOnlyForDeploymentPostprocessing = 0;
		};
/* End PBXFrameworksBuildPhase section */

/* Begin PBXGroup section */
		3158C748240C2B7200FED90E = {
			isa = PBXGroup;
			children = (
				3158C753240C2B7200FED90E /* GithubProfile */,
				3158C76A240C2B7500FED90E /* GithubProfileTests */,
				3158C752240C2B7200FED90E /* Products */,
			);
			sourceTree = "<group>";
		};
		3158C752240C2B7200FED90E /* Products */ = {
			isa = PBXGroup;
			children = (
				3158C751240C2B7200FED90E /* GithubProfile.app */,
				3158C767240C2B7500FED90E /* GithubProfileTests.xctest */,
			);
			name = Products;
			sourceTree = "<group>";
		};
		3158C753240C2B7200FED90E /* GithubProfile */ = {
			isa = PBXGroup;
			children = (
				3158C7A1240C7F1400FED90E /* Helper */,
				3158C79E240C7CD900FED90E /* Extensions */,
				3158C791240C5D9600FED90E /* Flow */,
				3158C78E240C5C6A00FED90E /* ProfileSearcher */,
				3158C789240C338200FED90E /* Model */,
				3158C784240C2E4200FED90E /* Network */,
				3158C754240C2B7200FED90E /* AppDelegate.swift */,
				3158C756240C2B7200FED90E /* SceneDelegate.swift */,
				3158C75D240C2B7500FED90E /* Assets.xcassets */,
				3158C75F240C2B7500FED90E /* LaunchScreen.storyboard */,
				3158C762240C2B7500FED90E /* Info.plist */,
			);
			path = GithubProfile;
			sourceTree = "<group>";
		};
		3158C76A240C2B7500FED90E /* GithubProfileTests */ = {
			isa = PBXGroup;
			children = (
				3158C76B240C2B7500FED90E /* GithubPopulationTests.swift */,
				3158C76D240C2B7500FED90E /* Info.plist */,
			);
			path = GithubProfileTests;
			sourceTree = "<group>";
		};
		3158C784240C2E4200FED90E /* Network */ = {
			isa = PBXGroup;
			children = (
				3158C785240C2E6800FED90E /* Requester.swift */,
				3158C787240C2EB000FED90E /* RequestRouter.swift */,
			);
			path = Network;
			sourceTree = "<group>";
		};
		3158C789240C338200FED90E /* Model */ = {
			isa = PBXGroup;
			children = (
				3158C78C240C37B900FED90E /* Project.swift */,
			);
			path = Model;
			sourceTree = "<group>";
		};
		3158C78E240C5C6A00FED90E /* ProfileSearcher */ = {
			isa = PBXGroup;
			children = (
				3158C790240C5CCE00FED90E /* ViewModel */,
				3158C78F240C5CC800FED90E /* View */,
			);
			path = ProfileSearcher;
			sourceTree = "<group>";
		};
		3158C78F240C5CC800FED90E /* View */ = {
			isa = PBXGroup;
			children = (
				3158C796240C5E2900FED90E /* SearchProfileViewController.swift */,
				3158C797240C5E2900FED90E /* SearchProfileViewController.xib */,
				3158C79A240C5E6B00FED90E /* ProfileDetailsViewController.swift */,
				3158C79B240C5E6B00FED90E /* ProfileDetailsViewController.xib */,
			);
			path = View;
			sourceTree = "<group>";
		};
		3158C790240C5CCE00FED90E /* ViewModel */ = {
			isa = PBXGroup;
			children = (
				3158C7A4240C7FE100FED90E /* SearchProfileViewModel.swift */,
				3158C7A8240C8FEB00FED90E /* ProfileDetailsViewModel.swift */,
			);
			path = ViewModel;
			sourceTree = "<group>";
		};
		3158C791240C5D9600FED90E /* Flow */ = {
			isa = PBXGroup;
			children = (
				3158C792240C5D9F00FED90E /* MainCoordinator.swift */,
				3158C794240C5DBA00FED90E /* Coordinator.swift */,
			);
			path = Flow;
			sourceTree = "<group>";
		};
		3158C79E240C7CD900FED90E /* Extensions */ = {
			isa = PBXGroup;
			children = (
				3158C79F240C7CE500FED90E /* UIViewController.swift */,
				3158C7AA240CA96D00FED90E /* UIImageView.swift */,
			);
			path = Extensions;
			sourceTree = "<group>";
		};
		3158C7A1240C7F1400FED90E /* Helper */ = {
			isa = PBXGroup;
			children = (
				3158C7A2240C7F2000FED90E /* Colors.swift */,
				3158C7A6240C88AB00FED90E /* Spinner.swift */,
			);
			path = Helper;
			sourceTree = "<group>";
		};
/* End PBXGroup section */

/* Begin PBXNativeTarget section */
		3158C750240C2B7200FED90E /* GithubProfile */ = {
			isa = PBXNativeTarget;
			buildConfigurationList = 3158C77B240C2B7500FED90E /* Build configuration list for PBXNativeTarget "GithubProfile" */;
			buildPhases = (
				3158C74D240C2B7200FED90E /* Sources */,
				3158C74E240C2B7200FED90E /* Frameworks */,
				3158C74F240C2B7200FED90E /* Resources */,
			);
			buildRules = (
			);
			dependencies = (
			);
			name = GithubProfile;
			productName = GithubProfile;
			productReference = 3158C751240C2B7200FED90E /* GithubProfile.app */;
			productType = "com.apple.product-type.application";
		};
		3158C766240C2B7500FED90E /* GithubProfileTests */ = {
			isa = PBXNativeTarget;
			buildConfigurationList = 3158C77E240C2B7500FED90E /* Build configuration list for PBXNativeTarget "GithubProfileTests" */;
			buildPhases = (
				3158C763240C2B7500FED90E /* Sources */,
				3158C764240C2B7500FED90E /* Frameworks */,
				3158C765240C2B7500FED90E /* Resources */,
			);
			buildRules = (
			);
			dependencies = (
				3158C769240C2B7500FED90E /* PBXTargetDependency */,
			);
			name = GithubProfileTests;
			productName = GithubProfileTests;
			productReference = 3158C767240C2B7500FED90E /* GithubProfileTests.xctest */;
			productType = "com.apple.product-type.bundle.unit-test";
		};
/* End PBXNativeTarget section */

/* Begin PBXProject section */
		3158C749240C2B7200FED90E /* Project object */ = {
			isa = PBXProject;
			attributes = {
				LastSwiftUpdateCheck = 1130;
				LastUpgradeCheck = 1130;
				ORGANIZATIONNAME = "Gabriel Conte";
				TargetAttributes = {
					3158C750240C2B7200FED90E = {
						CreatedOnToolsVersion = 11.3.1;
					};
					3158C766240C2B7500FED90E = {
						CreatedOnToolsVersion = 11.3.1;
						TestTargetID = 3158C750240C2B7200FED90E;
					};
				};
			};
			buildConfigurationList = 3158C74C240C2B7200FED90E /* Build configuration list for PBXProject "GithubProfile" */;
			compatibilityVersion = "Xcode 9.3";
			developmentRegion = en;
			hasScannedForEncodings = 0;
			knownRegions = (
				en,
				Base,
			);
			mainGroup = 3158C748240C2B7200FED90E;
			productRefGroup = 3158C752240C2B7200FED90E /* Products */;
			projectDirPath = "";
			projectRoot = "";
			targets = (
				3158C750240C2B7200FED90E /* GithubProfile */,
				3158C766240C2B7500FED90E /* GithubProfileTests */,
			);
		};
/* End PBXProject section */

/* Begin PBXResourcesBuildPhase section */
		3158C74F240C2B7200FED90E /* Resources */ = {
			isa = PBXResourcesBuildPhase;
			buildActionMask = 2147483647;
			files = (
				3158C761240C2B7500FED90E /* LaunchScreen.storyboard in Resources */,
				3158C75E240C2B7500FED90E /* Assets.xcassets in Resources */,
				3158C799240C5E2900FED90E /* SearchProfileViewController.xib in Resources */,
				3158C79D240C5E6B00FED90E /* ProfileDetailsViewController.xib in Resources */,
			);
			runOnlyForDeploymentPostprocessing = 0;
		};
		3158C765240C2B7500FED90E /* Resources */ = {
			isa = PBXResourcesBuildPhase;
			buildActionMask = 2147483647;
			files = (
			);
			runOnlyForDeploymentPostprocessing = 0;
		};
/* End PBXResourcesBuildPhase section */

/* Begin PBXSourcesBuildPhase section */
		3158C74D240C2B7200FED90E /* Sources */ = {
			isa = PBXSourcesBuildPhase;
			buildActionMask = 2147483647;
			files = (
				3158C798240C5E2900FED90E /* SearchProfileViewController.swift in Sources */,
				3158C7A3240C7F2000FED90E /* Colors.swift in Sources */,
				3158C79C240C5E6B00FED90E /* ProfileDetailsViewController.swift in Sources */,
				3158C7A7240C88AB00FED90E /* Spinner.swift in Sources */,
				3158C795240C5DBA00FED90E /* Coordinator.swift in Sources */,
				3158C7A5240C7FE100FED90E /* SearchProfileViewModel.swift in Sources */,
				3158C7A0240C7CE500FED90E /* UIViewController.swift in Sources */,
				3158C78D240C37B900FED90E /* Project.swift in Sources */,
				3158C7AB240CA96D00FED90E /* UIImageView.swift in Sources */,
				3158C7A9240C8FEB00FED90E /* ProfileDetailsViewModel.swift in Sources */,
				3158C793240C5D9F00FED90E /* MainCoordinator.swift in Sources */,
				3158C788240C2EB000FED90E /* RequestRouter.swift in Sources */,
				3158C755240C2B7200FED90E /* AppDelegate.swift in Sources */,
				3158C786240C2E6800FED90E /* Requester.swift in Sources */,
				3158C757240C2B7200FED90E /* SceneDelegate.swift in Sources */,
			);
			runOnlyForDeploymentPostprocessing = 0;
		};
		3158C763240C2B7500FED90E /* Sources */ = {
			isa = PBXSourcesBuildPhase;
			buildActionMask = 2147483647;
			files = (
				3158C76C240C2B7500FED90E /* GithubPopulationTests.swift in Sources */,
			);
			runOnlyForDeploymentPostprocessing = 0;
		};
/* End PBXSourcesBuildPhase section */

/* Begin PBXTargetDependency section */
		3158C769240C2B7500FED90E /* PBXTargetDependency */ = {
			isa = PBXTargetDependency;
			target = 3158C750240C2B7200FED90E /* GithubProfile */;
			targetProxy = 3158C768240C2B7500FED90E /* PBXContainerItemProxy */;
		};
/* End PBXTargetDependency section */

/* Begin PBXVariantGroup section */
		3158C75F240C2B7500FED90E /* LaunchScreen.storyboard */ = {
			isa = PBXVariantGroup;
			children = (
				3158C760240C2B7500FED90E /* Base */,
			);
			name = LaunchScreen.storyboard;
			sourceTree = "<group>";
		};
/* End PBXVariantGroup section */

/* Begin XCBuildConfiguration section */
		3158C779240C2B7500FED90E /* Debug */ = {
			isa = XCBuildConfiguration;
			buildSettings = {
				ALWAYS_SEARCH_USER_PATHS = NO;
				CLANG_ANALYZER_NONNULL = YES;
				CLANG_ANALYZER_NUMBER_OBJECT_CONVERSION = YES_AGGRESSIVE;
				CLANG_CXX_LANGUAGE_STANDARD = "gnu++14";
				CLANG_CXX_LIBRARY = "libc++";
				CLANG_ENABLE_MODULES = YES;
				CLANG_ENABLE_OBJC_ARC = YES;
				CLANG_ENABLE_OBJC_WEAK = YES;
				CLANG_WARN_BLOCK_CAPTURE_AUTORELEASING = YES;
				CLANG_WARN_BOOL_CONVERSION = YES;
				CLANG_WARN_COMMA = YES;
				CLANG_WARN_CONSTANT_CONVERSION = YES;
				CLANG_WARN_DEPRECATED_OBJC_IMPLEMENTATIONS = YES;
				CLANG_WARN_DIRECT_OBJC_ISA_USAGE = YES_ERROR;
				CLANG_WARN_DOCUMENTATION_COMMENTS = YES;
				CLANG_WARN_EMPTY_BODY = YES;
				CLANG_WARN_ENUM_CONVERSION = YES;
				CLANG_WARN_INFINITE_RECURSION = YES;
				CLANG_WARN_INT_CONVERSION = YES;
				CLANG_WARN_NON_LITERAL_NULL_CONVERSION = YES;
				CLANG_WARN_OBJC_IMPLICIT_RETAIN_SELF = YES;
				CLANG_WARN_OBJC_LITERAL_CONVERSION = YES;
				CLANG_WARN_OBJC_ROOT_CLASS = YES_ERROR;
				CLANG_WARN_RANGE_LOOP_ANALYSIS = YES;
				CLANG_WARN_STRICT_PROTOTYPES = YES;
				CLANG_WARN_SUSPICIOUS_MOVE = YES;
				CLANG_WARN_UNGUARDED_AVAILABILITY = YES_AGGRESSIVE;
				CLANG_WARN_UNREACHABLE_CODE = YES;
				CLANG_WARN__DUPLICATE_METHOD_MATCH = YES;
				COPY_PHASE_STRIP = NO;
				DEBUG_INFORMATION_FORMAT = dwarf;
				ENABLE_STRICT_OBJC_MSGSEND = YES;
				ENABLE_TESTABILITY = YES;
				GCC_C_LANGUAGE_STANDARD = gnu11;
				GCC_DYNAMIC_NO_PIC = NO;
				GCC_NO_COMMON_BLOCKS = YES;
				GCC_OPTIMIZATION_LEVEL = 0;
				GCC_PREPROCESSOR_DEFINITIONS = (
					"DEBUG=1",
					"$(inherited)",
				);
				GCC_WARN_64_TO_32_BIT_CONVERSION = YES;
				GCC_WARN_ABOUT_RETURN_TYPE = YES_ERROR;
				GCC_WARN_UNDECLARED_SELECTOR = YES;
				GCC_WARN_UNINITIALIZED_AUTOS = YES_AGGRESSIVE;
				GCC_WARN_UNUSED_FUNCTION = YES;
				GCC_WARN_UNUSED_VARIABLE = YES;
				IPHONEOS_DEPLOYMENT_TARGET = 13.2;
				MTL_ENABLE_DEBUG_INFO = INCLUDE_SOURCE;
				MTL_FAST_MATH = YES;
				ONLY_ACTIVE_ARCH = YES;
				SDKROOT = iphoneos;
				SWIFT_ACTIVE_COMPILATION_CONDITIONS = DEBUG;
				SWIFT_OPTIMIZATION_LEVEL = "-Onone";
			};
			name = Debug;
		};
		3158C77A240C2B7500FED90E /* Release */ = {
			isa = XCBuildConfiguration;
			buildSettings = {
				ALWAYS_SEARCH_USER_PATHS = NO;
				CLANG_ANALYZER_NONNULL = YES;
				CLANG_ANALYZER_NUMBER_OBJECT_CONVERSION = YES_AGGRESSIVE;
				CLANG_CXX_LANGUAGE_STANDARD = "gnu++14";
				CLANG_CXX_LIBRARY = "libc++";
				CLANG_ENABLE_MODULES = YES;
				CLANG_ENABLE_OBJC_ARC = YES;
				CLANG_ENABLE_OBJC_WEAK = YES;
				CLANG_WARN_BLOCK_CAPTURE_AUTORELEASING = YES;
				CLANG_WARN_BOOL_CONVERSION = YES;
				CLANG_WARN_COMMA = YES;
				CLANG_WARN_CONSTANT_CONVERSION = YES;
				CLANG_WARN_DEPRECATED_OBJC_IMPLEMENTATIONS = YES;
				CLANG_WARN_DIRECT_OBJC_ISA_USAGE = YES_ERROR;
				CLANG_WARN_DOCUMENTATION_COMMENTS = YES;
				CLANG_WARN_EMPTY_BODY = YES;
				CLANG_WARN_ENUM_CONVERSION = YES;
				CLANG_WARN_INFINITE_RECURSION = YES;
				CLANG_WARN_INT_CONVERSION = YES;
				CLANG_WARN_NON_LITERAL_NULL_CONVERSION = YES;
				CLANG_WARN_OBJC_IMPLICIT_RETAIN_SELF = YES;
				CLANG_WARN_OBJC_LITERAL_CONVERSION = YES;
				CLANG_WARN_OBJC_ROOT_CLASS = YES_ERROR;
				CLANG_WARN_RANGE_LOOP_ANALYSIS = YES;
				CLANG_WARN_STRICT_PROTOTYPES = YES;
				CLANG_WARN_SUSPICIOUS_MOVE = YES;
				CLANG_WARN_UNGUARDED_AVAILABILITY = YES_AGGRESSIVE;
				CLANG_WARN_UNREACHABLE_CODE = YES;
				CLANG_WARN__DUPLICATE_METHOD_MATCH = YES;
				COPY_PHASE_STRIP = NO;
				DEBUG_INFORMATION_FORMAT = "dwarf-with-dsym";
				ENABLE_NS_ASSERTIONS = NO;
				ENABLE_STRICT_OBJC_MSGSEND = YES;
				GCC_C_LANGUAGE_STANDARD = gnu11;
				GCC_NO_COMMON_BLOCKS = YES;
				GCC_WARN_64_TO_32_BIT_CONVERSION = YES;
				GCC_WARN_ABOUT_RETURN_TYPE = YES_ERROR;
				GCC_WARN_UNDECLARED_SELECTOR = YES;
				GCC_WARN_UNINITIALIZED_AUTOS = YES_AGGRESSIVE;
				GCC_WARN_UNUSED_FUNCTION = YES;
				GCC_WARN_UNUSED_VARIABLE = YES;
				IPHONEOS_DEPLOYMENT_TARGET = 13.2;
				MTL_ENABLE_DEBUG_INFO = NO;
				MTL_FAST_MATH = YES;
				SDKROOT = iphoneos;
				SWIFT_COMPILATION_MODE = wholemodule;
				SWIFT_OPTIMIZATION_LEVEL = "-O";
				VALIDATE_PRODUCT = YES;
			};
			name = Release;
		};
		3158C77C240C2B7500FED90E /* Debug */ = {
			isa = XCBuildConfiguration;
			buildSettings = {
				ASSETCATALOG_COMPILER_APPICON_NAME = AppIcon;
				CODE_SIGN_STYLE = Automatic;
				DEVELOPMENT_TEAM = 2HR54FA3Z7;
				INFOPLIST_FILE = GithubProfile/Info.plist;
				LD_RUNPATH_SEARCH_PATHS = (
					"$(inherited)",
					"@executable_path/Frameworks",
				);
				PRODUCT_BUNDLE_IDENTIFIER = gabrielconte.GithubProfile;
				PRODUCT_NAME = "$(TARGET_NAME)";
				SWIFT_VERSION = 5.0;
				TARGETED_DEVICE_FAMILY = "1,2";
			};
			name = Debug;
		};
		3158C77D240C2B7500FED90E /* Release */ = {
			isa = XCBuildConfiguration;
			buildSettings = {
				ASSETCATALOG_COMPILER_APPICON_NAME = AppIcon;
				CODE_SIGN_STYLE = Automatic;
				DEVELOPMENT_TEAM = 2HR54FA3Z7;
				INFOPLIST_FILE = GithubProfile/Info.plist;
				LD_RUNPATH_SEARCH_PATHS = (
					"$(inherited)",
					"@executable_path/Frameworks",
				);
				PRODUCT_BUNDLE_IDENTIFIER = gabrielconte.GithubProfile;
				PRODUCT_NAME = "$(TARGET_NAME)";
				SWIFT_VERSION = 5.0;
				TARGETED_DEVICE_FAMILY = "1,2";
			};
			name = Release;
		};
		3158C77F240C2B7500FED90E /* Debug */ = {
			isa = XCBuildConfiguration;
			buildSettings = {
				ALWAYS_EMBED_SWIFT_STANDARD_LIBRARIES = YES;
				BUNDLE_LOADER = "$(TEST_HOST)";
				CODE_SIGN_STYLE = Automatic;
				DEVELOPMENT_TEAM = 2HR54FA3Z7;
				INFOPLIST_FILE = GithubProfileTests/Info.plist;
				IPHONEOS_DEPLOYMENT_TARGET = 13.2;
				LD_RUNPATH_SEARCH_PATHS = (
					"$(inherited)",
					"@executable_path/Frameworks",
					"@loader_path/Frameworks",
				);
				PRODUCT_BUNDLE_IDENTIFIER = gabrielconte.GithubProfileTests;
				PRODUCT_NAME = "$(TARGET_NAME)";
				SWIFT_VERSION = 5.0;
				TARGETED_DEVICE_FAMILY = "1,2";
				TEST_HOST = "$(BUILT_PRODUCTS_DIR)/GithubProfile.app/GithubProfile";
			};
			name = Debug;
		};
		3158C780240C2B7500FED90E /* Release */ = {
			isa = XCBuildConfiguration;
			buildSettings = {
				ALWAYS_EMBED_SWIFT_STANDARD_LIBRARIES = YES;
				BUNDLE_LOADER = "$(TEST_HOST)";
				CODE_SIGN_STYLE = Automatic;
				DEVELOPMENT_TEAM = 2HR54FA3Z7;
				INFOPLIST_FILE = GithubProfileTests/Info.plist;
				IPHONEOS_DEPLOYMENT_TARGET = 13.2;
				LD_RUNPATH_SEARCH_PATHS = (
					"$(inherited)",
					"@executable_path/Frameworks",
					"@loader_path/Frameworks",
				);
				PRODUCT_BUNDLE_IDENTIFIER = gabrielconte.GithubProfileTests;
				PRODUCT_NAME = "$(TARGET_NAME)";
				SWIFT_VERSION = 5.0;
				TARGETED_DEVICE_FAMILY = "1,2";
				TEST_HOST = "$(BUILT_PRODUCTS_DIR)/GithubProfile.app/GithubProfile";
			};
			name = Release;
		};
/* End XCBuildConfiguration section */

/* Begin XCConfigurationList section */
		3158C74C240C2B7200FED90E /* Build configuration list for PBXProject "GithubProfile" */ = {
			isa = XCConfigurationList;
			buildConfigurations = (
				3158C779240C2B7500FED90E /* Debug */,
				3158C77A240C2B7500FED90E /* Release */,
			);
			defaultConfigurationIsVisible = 0;
			defaultConfigurationName = Release;
		};
		3158C77B240C2B7500FED90E /* Build configuration list for PBXNativeTarget "GithubProfile" */ = {
			isa = XCConfigurationList;
			buildConfigurations = (
				3158C77C240C2B7500FED90E /* Debug */,
				3158C77D240C2B7500FED90E /* Release */,
			);
			defaultConfigurationIsVisible = 0;
			defaultConfigurationName = Release;
		};
		3158C77E240C2B7500FED90E /* Build configuration list for PBXNativeTarget "GithubProfileTests" */ = {
			isa = XCConfigurationList;
			buildConfigurations = (
				3158C77F240C2B7500FED90E /* Debug */,
				3158C780240C2B7500FED90E /* Release */,
			);
			defaultConfigurationIsVisible = 0;
			defaultConfigurationName = Release;
		};
/* End XCConfigurationList section */
	};
	rootObject = 3158C749240C2B7200FED90E /* Project object */;
}
